
Microsoft Visual Studio Solution File, Format Version 12.00
# Visual Studio Version 17
VisualStudioVersion = 17.14.36414.22
MinimumVisualStudioVersion = 10.0.40219.1
Project("{2150E333-8FDC-42A3-9474-1A3956D46DE8}") = "src", "src", "{02EA681E-C7D8-13C7-8484-4AC65E1B71E8}"
EndProject
Project("{FAE04EC0-301F-11D3-BF4B-00C04F79EFBC}") = "VeraConstrucoes.API", "VeraConstrucoes.API\VeraConstrucoes.API.csproj", "{0FEE8F60-8CF5-40EE-A759-6329BC82A8D1}"
EndProject
Project("{FAE04EC0-301F-11D3-BF4B-00C04F79EFBC}") = "VeraConstrucoes.Application", "VeraConstrucoes.Application\VeraConstrucoes.Application\VeraConstrucoes.Application.csproj", "{B864AD62-7C4F-4751-8352-65863A86C375}"
EndProject
Project("{FAE04EC0-301F-11D3-BF4B-00C04F79EFBC}") = "VeraConstrucoes.Domain", "VeraConstrucoes.Domain\VeraConstrucoes.Domain\VeraConstrucoes.Domain.csproj", "{8A32AC5D-C6EF-4025-9C7E-9C46E2F05832}"
EndProject
Project("{FAE04EC0-301F-11D3-BF4B-00C04F79EFBC}") = "VeraConstrucoes.Infrastructure", "VeraConstrucoes.Infrastructure\VeraConstrucoes.Infrastructure\VeraConstrucoes.Infrastructure.csproj", "{360EAC2C-56F0-4852-A0FC-BC53866A1CDB}"
EndProject
Project("{FAE04EC0-301F-11D3-BF4B-00C04F79EFBC}") = "VeraConstrucoes.Communication", "VeraConstrucoes.Communication\VeraConstrucoes.Communication\VeraConstrucoes.Communication.csproj", "{49B20C4F-A5CA-4674-BE87-D21193A4C5B3}"
EndProject
Project("{FAE04EC0-301F-11D3-BF4B-00C04F79EFBC}") = "VeraConstrucoes.Exception", "VeraConstrucoes.Exception\VeraConstrucoes.Exception\VeraConstrucoes.Exception.csproj", "{A44077AF-9794-4112-BFA2-9879222435DC}"
EndProject
Global
	GlobalSection(SolutionConfigurationPlatforms) = preSolution
		Debug|Any CPU = Debug|Any CPU
		Release|Any CPU = Release|Any CPU
	EndGlobalSection
	GlobalSection(ProjectConfigurationPlatforms) = postSolution
		{0FEE8F60-8CF5-40EE-A759-6329BC82A8D1}.Debug|Any CPU.ActiveCfg = Debug|Any CPU
		{0FEE8F60-8CF5-40EE-A759-6329BC82A8D1}.Debug|Any CPU.Build.0 = Debug|Any CPU
		{0FEE8F60-8CF5-40EE-A759-6329BC82A8D1}.Release|Any CPU.ActiveCfg = Release|Any CPU
		{0FEE8F60-8CF5-40EE-A759-6329BC82A8D1}.Release|Any CPU.Build.0 = Release|Any CPU
		{B864AD62-7C4F-4751-8352-65863A86C375}.Debug|Any CPU.ActiveCfg = Debug|Any CPU
		{B864AD62-7C4F-4751-8352-65863A86C375}.Debug|Any CPU.Build.0 = Debug|Any CPU
		{B864AD62-7C4F-4751-8352-65863A86C375}.Release|Any CPU.ActiveCfg = Release|Any CPU
		{B864AD62-7C4F-4751-8352-65863A86C375}.Release|Any CPU.Build.0 = Release|Any CPU
		{8A32AC5D-C6EF-4025-9C7E-9C46E2F05832}.Debug|Any CPU.ActiveCfg = Debug|Any CPU
		{8A32AC5D-C6EF-4025-9C7E-9C46E2F05832}.Debug|Any CPU.Build.0 = Debug|Any CPU
		{8A32AC5D-C6EF-4025-9C7E-9C46E2F05832}.Release|Any CPU.ActiveCfg = Release|Any CPU
		{8A32AC5D-C6EF-4025-9C7E-9C46E2F05832}.Release|Any CPU.Build.0 = Release|Any CPU
		{360EAC2C-56F0-4852-A0FC-BC53866A1CDB}.Debug|Any CPU.ActiveCfg = Debug|Any CPU
		{360EAC2C-56F0-4852-A0FC-BC53866A1CDB}.Debug|Any CPU.Build.0 = Debug|Any CPU
		{360EAC2C-56F0-4852-A0FC-BC53866A1CDB}.Release|Any CPU.ActiveCfg = Release|Any CPU
		{360EAC2C-56F0-4852-A0FC-BC53866A1CDB}.Release|Any CPU.Build.0 = Release|Any CPU
		{49B20C4F-A5CA-4674-BE87-D21193A4C5B3}.Debug|Any CPU.ActiveCfg = Debug|Any CPU
		{49B20C4F-A5CA-4674-BE87-D21193A4C5B3}.Debug|Any CPU.Build.0 = Debug|Any CPU
		{49B20C4F-A5CA-4674-BE87-D21193A4C5B3}.Release|Any CPU.ActiveCfg = Release|Any CPU
		{49B20C4F-A5CA-4674-BE87-D21193A4C5B3}.Release|Any CPU.Build.0 = Release|Any CPU
		{A44077AF-9794-4112-BFA2-9879222435DC}.Debug|Any CPU.ActiveCfg = Debug|Any CPU
		{A44077AF-9794-4112-BFA2-9879222435DC}.Debug|Any CPU.Build.0 = Debug|Any CPU
		{A44077AF-9794-4112-BFA2-9879222435DC}.Release|Any CPU.ActiveCfg = Release|Any CPU
		{A44077AF-9794-4112-BFA2-9879222435DC}.Release|Any CPU.Build.0 = Release|Any CPU
	EndGlobalSection
	GlobalSection(SolutionProperties) = preSolution
		HideSolutionNode = FALSE
	EndGlobalSection
	GlobalSection(NestedProjects) = preSolution
		{0FEE8F60-8CF5-40EE-A759-6329BC82A8D1} = {02EA681E-C7D8-13C7-8484-4AC65E1B71E8}
		{B864AD62-7C4F-4751-8352-65863A86C375} = {02EA681E-C7D8-13C7-8484-4AC65E1B71E8}
		{8A32AC5D-C6EF-4025-9C7E-9C46E2F05832} = {02EA681E-C7D8-13C7-8484-4AC65E1B71E8}
		{360EAC2C-56F0-4852-A0FC-BC53866A1CDB} = {02EA681E-C7D8-13C7-8484-4AC65E1B71E8}
		{49B20C4F-A5CA-4674-BE87-D21193A4C5B3} = {02EA681E-C7D8-13C7-8484-4AC65E1B71E8}
		{A44077AF-9794-4112-BFA2-9879222435DC} = {02EA681E-C7D8-13C7-8484-4AC65E1B71E8}
	EndGlobalSection
	GlobalSection(ExtensibilityGlobals) = postSolution
		SolutionGuid = {F6D77643-D715-4499-A6D8-81C81BA7B919}
	EndGlobalSection
EndGlobal
